{
  "name": "node",
  "lockfileVersion": 3,
  "requires": true,
  "packages": {
    "": {
      "dependencies": {
        "pgml": "^1.0.3"
      }
    },
    "node_modules/dotenv": {
      "version": "16.4.5",
      "resolved": "https://registry.npmjs.org/dotenv/-/dotenv-16.4.5.tgz",
      "integrity": "sha512-ZmdL2rui+eB2YwhsWzjInR8LldtZHGDoQ1ugH85ppHKwpUHL7j7rN0Ti9NCnGiQbhaZ11FpR+7ao1dNsmduNUg==",
      "engines": {
        "node": ">=12"
      },
      "funding": {
        "url": "https://dotenvx.com"
      }
    },
    "node_modules/pgml": {
      "version": "1.0.3",
      "resolved": "https://registry.npmjs.org/pgml/-/pgml-1.0.3.tgz",
      "integrity": "sha512-gfyF1NpC0n5OtcoL+YBpmuxwqmSwPPQqgMRsbuN/Iiw7KulKRWf6o8PPGfp/bP4Di1fyJDR1e0iS2Q+dw0MTyQ==",
      "dependencies": {
        "dotenv": "^16.4.4"
      }
    }
  }
}
